
Microsoft Visual Studio Solution File, Format Version 11.00
# Visual Studio 2010
Project("{FAE04EC0-301F-11D3-BF4B-00C04F79EFBC}") = "BJSmarts.ERP.CRM", "BJSmarts.ERP.CRM\BJSmarts.ERP.CRM.csproj", "{CA8FE4D8-4F2C-466C-935B-8B8C5C32192D}"
EndProject
Project("{FAE04EC0-301F-11D3-BF4B-00C04F79EFBC}") = "BJSmarts.ERP.CRM.DataModel", "BJSmarts.ERP.CRM.DataModel\BJSmarts.ERP.CRM.DataModel.csproj", "{80BC62E8-D63B-4A2C-9B88-22D25BB3BAE4}"
EndProject
Global
	GlobalSection(SolutionConfigurationPlatforms) = preSolution
		Debug|Any CPU = Debug|Any CPU
		Release|Any CPU = Release|Any CPU
	EndGlobalSection
	GlobalSection(ProjectConfigurationPlatforms) = postSolution
		{CA8FE4D8-4F2C-466C-935B-8B8C5C32192D}.Debug|Any CPU.ActiveCfg = Debug|Any CPU
		{CA8FE4D8-4F2C-466C-935B-8B8C5C32192D}.Debug|Any CPU.Build.0 = Debug|Any CPU
		{CA8FE4D8-4F2C-466C-935B-8B8C5C32192D}.Debug|Any CPU.Deploy.0 = Debug|Any CPU
		{CA8FE4D8-4F2C-466C-935B-8B8C5C32192D}.Release|Any CPU.ActiveCfg = Release|Any CPU
		{CA8FE4D8-4F2C-466C-935B-8B8C5C32192D}.Release|Any CPU.Build.0 = Release|Any CPU
		{CA8FE4D8-4F2C-466C-935B-8B8C5C32192D}.Release|Any CPU.Deploy.0 = Release|Any CPU
		{80BC62E8-D63B-4A2C-9B88-22D25BB3BAE4}.Debug|Any CPU.ActiveCfg = Debug|Any CPU
		{80BC62E8-D63B-4A2C-9B88-22D25BB3BAE4}.Debug|Any CPU.Build.0 = Debug|Any CPU
		{80BC62E8-D63B-4A2C-9B88-22D25BB3BAE4}.Debug|Any CPU.Deploy.0 = Debug|Any CPU
		{80BC62E8-D63B-4A2C-9B88-22D25BB3BAE4}.Release|Any CPU.ActiveCfg = Release|Any CPU
		{80BC62E8-D63B-4A2C-9B88-22D25BB3BAE4}.Release|Any CPU.Build.0 = Release|Any CPU
		{80BC62E8-D63B-4A2C-9B88-22D25BB3BAE4}.Release|Any CPU.Deploy.0 = Release|Any CPU
	EndGlobalSection
	GlobalSection(SolutionProperties) = preSolution
		HideSolutionNode = FALSE
	EndGlobalSection
EndGlobal
